
Microsoft Visual Studio Solution File, Format Version 12.00
# Visual Studio Version 17
VisualStudioVersion = 17.14.36511.14 d17.14
MinimumVisualStudioVersion = 10.0.40219.1
Project("{FAE04EC0-301F-11D3-BF4B-00C04F79EFBC}") = "Session2", "Session2\Session2.csproj", "{AC82B3B0-1B05-4D9E-8DDE-6290F8C874FE}"
EndProject
Global
	GlobalSection(SolutionConfigurationPlatforms) = preSolution
		Debug|Any CPU = Debug|Any CPU
		Release|Any CPU = Release|Any CPU
	EndGlobalSection
	GlobalSection(ProjectConfigurationPlatforms) = postSolution
		{AC82B3B0-1B05-4D9E-8DDE-6290F8C874FE}.Debug|Any CPU.ActiveCfg = Debug|Any CPU
		{AC82B3B0-1B05-4D9E-8DDE-6290F8C874FE}.Debug|Any CPU.Build.0 = Debug|Any CPU
		{AC82B3B0-1B05-4D9E-8DDE-6290F8C874FE}.Release|Any CPU.ActiveCfg = Release|Any CPU
		{AC82B3B0-1B05-4D9E-8DDE-6290F8C874FE}.Release|Any CPU.Build.0 = Release|Any CPU
	EndGlobalSection
	GlobalSection(SolutionProperties) = preSolution
		HideSolutionNode = FALSE
	EndGlobalSection
	GlobalSection(ExtensibilityGlobals) = postSolution
		SolutionGuid = {7A8BE1D8-C54C-457F-BB1C-DB5960DACA29}
	EndGlobalSection
EndGlobal
